
Microsoft Visual Studio Solution File, Format Version 12.00
# Visual Studio Version 16
VisualStudioVersion = 16.0.809.4
MinimumVisualStudioVersion = 10.0.40219.1
Project("{FAE04EC0-301F-11D3-BF4B-00C04F79EFBC}") = "SocketProgramming.MasterServers", "SocketProgramming.MasterServers\SocketProgramming.MasterServers.csproj", "{541518AA-7CB7-49F7-B3D7-DD78B5FB65B8}"
EndProject
Project("{FAE04EC0-301F-11D3-BF4B-00C04F79EFBC}") = "SocketProgramming.MasterFiles", "SocketProgramming.MasterFiles\SocketProgramming.MasterFiles.csproj", "{678A12B3-89FE-497B-9251-5A8BA0AF7446}"
EndProject
Global
	GlobalSection(SolutionConfigurationPlatforms) = preSolution
		Debug|Any CPU = Debug|Any CPU
		Release|Any CPU = Release|Any CPU
	EndGlobalSection
	GlobalSection(ProjectConfigurationPlatforms) = postSolution
		{541518AA-7CB7-49F7-B3D7-DD78B5FB65B8}.Debug|Any CPU.ActiveCfg = Debug|Any CPU
		{541518AA-7CB7-49F7-B3D7-DD78B5FB65B8}.Debug|Any CPU.Build.0 = Debug|Any CPU
		{541518AA-7CB7-49F7-B3D7-DD78B5FB65B8}.Release|Any CPU.ActiveCfg = Release|Any CPU
		{541518AA-7CB7-49F7-B3D7-DD78B5FB65B8}.Release|Any CPU.Build.0 = Release|Any CPU
		{678A12B3-89FE-497B-9251-5A8BA0AF7446}.Debug|Any CPU.ActiveCfg = Debug|Any CPU
		{678A12B3-89FE-497B-9251-5A8BA0AF7446}.Debug|Any CPU.Build.0 = Debug|Any CPU
		{678A12B3-89FE-497B-9251-5A8BA0AF7446}.Release|Any CPU.ActiveCfg = Release|Any CPU
		{678A12B3-89FE-497B-9251-5A8BA0AF7446}.Release|Any CPU.Build.0 = Release|Any CPU
	EndGlobalSection
	GlobalSection(SolutionProperties) = preSolution
		HideSolutionNode = FALSE
	EndGlobalSection
	GlobalSection(ExtensibilityGlobals) = postSolution
		SolutionGuid = {C4CDC0CE-40B9-4EAE-ACA2-08D692179BA9}
	EndGlobalSection
EndGlobal
