
Microsoft Visual Studio Solution File, Format Version 12.00
# Visual Studio Version 16
VisualStudioVersion = 16.0.809.4
MinimumVisualStudioVersion = 10.0.40219.1
Project("{FAE04EC0-301F-11D3-BF4B-00C04F79EFBC}") = "SocketProgramming.Server", "SocketProgramming.Server\SocketProgramming.Server.csproj", "{0606639D-79EE-487C-92AB-C308BAED7032}"
EndProject
Global
	GlobalSection(SolutionConfigurationPlatforms) = preSolution
		Debug|Any CPU = Debug|Any CPU
		Release|Any CPU = Release|Any CPU
	EndGlobalSection
	GlobalSection(ProjectConfigurationPlatforms) = postSolution
		{0606639D-79EE-487C-92AB-C308BAED7032}.Debug|Any CPU.ActiveCfg = Debug|Any CPU
		{0606639D-79EE-487C-92AB-C308BAED7032}.Debug|Any CPU.Build.0 = Debug|Any CPU
		{0606639D-79EE-487C-92AB-C308BAED7032}.Release|Any CPU.ActiveCfg = Release|Any CPU
		{0606639D-79EE-487C-92AB-C308BAED7032}.Release|Any CPU.Build.0 = Release|Any CPU
	EndGlobalSection
	GlobalSection(SolutionProperties) = preSolution
		HideSolutionNode = FALSE
	EndGlobalSection
	GlobalSection(ExtensibilityGlobals) = postSolution
		SolutionGuid = {C4CDC0CE-40B9-4EAE-ACA2-08D692179BA9}
	EndGlobalSection
EndGlobal
